// !$*UTF8*$!
{
	archiveVersion = 1;
	classes = {
	};
	objectVersion = 56;
	objects = {

/* Begin PBXBuildFile section */
		935EFEE228FD2B8D001C6B72 /* AppDelegate.m in Sources */ = {isa = PBXBuildFile; fileRef = 935EFEE128FD2B8D001C6B72 /* AppDelegate.m */; };
		935EFEE528FD2B8D001C6B72 /* SceneDelegate.m in Sources */ = {isa = PBXBuildFile; fileRef = 935EFEE428FD2B8D001C6B72 /* SceneDelegate.m */; };
		935EFEE828FD2B8D001C6B72 /* ViewController.m in Sources */ = {isa = PBXBuildFile; fileRef = 935EFEE728FD2B8D001C6B72 /* ViewController.m */; };
		935EFEEB28FD2B8D001C6B72 /* Main.storyboard in Resources */ = {isa = PBXBuildFile; fileRef = 935EFEE928FD2B8D001C6B72 /* Main.storyboard */; };
		935EFEED28FD2B8E001C6B72 /* Assets.xcassets in Resources */ = {isa = PBXBuildFile; fileRef = 935EFEEC28FD2B8E001C6B72 /* Assets.xcassets */; };
		935EFEF028FD2B8E001C6B72 /* LaunchScreen.storyboard in Resources */ = {isa = PBXBuildFile; fileRef = 935EFEEE28FD2B8E001C6B72 /* LaunchScreen.storyboard */; };
		935EFEF328FD2B8E001C6B72 /* main.m in Sources */ = {isa = PBXBuildFile; fileRef = 935EFEF228FD2B8E001C6B72 /* main.m */; };
		935EFEFD28FD2B8E001C6B72 /* PopCatTests.m in Sources */ = {isa = PBXBuildFile; fileRef = 935EFEFC28FD2B8E001C6B72 /* PopCatTests.m */; };
		935EFF0728FD2B8E001C6B72 /* PopCatUITests.m in Sources */ = {isa = PBXBuildFile; fileRef = 935EFF0628FD2B8E001C6B72 /* PopCatUITests.m */; };
		935EFF0928FD2B8E001C6B72 /* PopCatUITestsLaunchTests.m in Sources */ = {isa = PBXBuildFile; fileRef = 935EFF0828FD2B8E001C6B72 /* PopCatUITestsLaunchTests.m */; };
/* End PBXBuildFile section */

/* Begin PBXContainerItemProxy section */
		935EFEF928FD2B8E001C6B72 /* PBXContainerItemProxy */ = {
			isa = PBXContainerItemProxy;
			containerPortal = 935EFED528FD2B8D001C6B72 /* Project object */;
			proxyType = 1;
			remoteGlobalIDString = 935EFEDC28FD2B8D001C6B72;
			remoteInfo = PopCat;
		};
		935EFF0328FD2B8E001C6B72 /* PBXContainerItemProxy */ = {
			isa = PBXContainerItemProxy;
			containerPortal = 935EFED528FD2B8D001C6B72 /* Project object */;
			proxyType = 1;
			remoteGlobalIDString = 935EFEDC28FD2B8D001C6B72;
			remoteInfo = PopCat;
		};
/* End PBXContainerItemProxy section */

/* Begin PBXFileReference section */
		935EFEDD28FD2B8D001C6B72 /* PopCat.app */ = {isa = PBXFileReference; explicitFileType = wrapper.application; includeInIndex = 0; path = PopCat.app; sourceTree = BUILT_PRODUCTS_DIR; };
		935EFEE028FD2B8D001C6B72 /* AppDelegate.h */ = {isa = PBXFileReference; lastKnownFileType = sourcecode.c.h; path = AppDelegate.h; sourceTree = "<group>"; };
		935EFEE128FD2B8D001C6B72 /* AppDelegate.m */ = {isa = PBXFileReference; lastKnownFileType = sourcecode.c.objc; path = AppDelegate.m; sourceTree = "<group>"; };
		935EFEE328FD2B8D001C6B72 /* SceneDelegate.h */ = {isa = PBXFileReference; lastKnownFileType = sourcecode.c.h; path = SceneDelegate.h; sourceTree = "<group>"; };
		935EFEE428FD2B8D001C6B72 /* SceneDelegate.m */ = {isa = PBXFileReference; lastKnownFileType = sourcecode.c.objc; path = SceneDelegate.m; sourceTree = "<group>"; };
		935EFEE628FD2B8D001C6B72 /* ViewController.h */ = {isa = PBXFileReference; lastKnownFileType = sourcecode.c.h; path = ViewController.h; sourceTree = "<group>"; };
		935EFEE728FD2B8D001C6B72 /* ViewController.m */ = {isa = PBXFileReference; lastKnownFileType = sourcecode.c.objc; path = ViewController.m; sourceTree = "<group>"; };
		935EFEEA28FD2B8D001C6B72 /* Base */ = {isa = PBXFileReference; lastKnownFileType = file.storyboard; name = Base; path = Base.lproj/Main.storyboard; sourceTree = "<group>"; };
		935EFEEC28FD2B8E001C6B72 /* Assets.xcassets */ = {isa = PBXFileReference; lastKnownFileType = folder.assetcatalog; path = Assets.xcassets; sourceTree = "<group>"; };
		935EFEEF28FD2B8E001C6B72 /* Base */ = {isa = PBXFileReference; lastKnownFileType = file.storyboard; name = Base; path = Base.lproj/LaunchScreen.storyboard; sourceTree = "<group>"; };
		935EFEF128FD2B8E001C6B72 /* Info.plist */ = {isa = PBXFileReference; lastKnownFileType = text.plist.xml; path = Info.plist; sourceTree = "<group>"; };
		935EFEF228FD2B8E001C6B72 /* main.m */ = {isa = PBXFileReference; lastKnownFileType = sourcecode.c.objc; path = main.m; sourceTree = "<group>"; };
		935EFEF828FD2B8E001C6B72 /* PopCatTests.xctest */ = {isa = PBXFileReference; explicitFileType = wrapper.cfbundle; includeInIndex = 0; path = PopCatTests.xctest; sourceTree = BUILT_PRODUCTS_DIR; };
		935EFEFC28FD2B8E001C6B72 /* PopCatTests.m */ = {isa = PBXFileReference; lastKnownFileType = sourcecode.c.objc; path = PopCatTests.m; sourceTree = "<group>"; };
		935EFF0228FD2B8E001C6B72 /* PopCatUITests.xctest */ = {isa = PBXFileReference; explicitFileType = wrapper.cfbundle; includeInIndex = 0; path = PopCatUITests.xctest; sourceTree = BUILT_PRODUCTS_DIR; };
		935EFF0628FD2B8E001C6B72 /* PopCatUITests.m */ = {isa = PBXFileReference; lastKnownFileType = sourcecode.c.objc; path = PopCatUITests.m; sourceTree = "<group>"; };
		935EFF0828FD2B8E001C6B72 /* PopCatUITestsLaunchTests.m */ = {isa = PBXFileReference; lastKnownFileType = sourcecode.c.objc; path = PopCatUITestsLaunchTests.m; sourceTree = "<group>"; };
/* End PBXFileReference section */

/* Begin PBXFrameworksBuildPhase section */
		935EFEDA28FD2B8D001C6B72 /* Frameworks */ = {
			isa = PBXFrameworksBuildPhase;
			buildActionMask = 2147483647;
			files = (
			);
			runOnlyForDeploymentPostprocessing = 0;
		};
		935EFEF528FD2B8E001C6B72 /* Frameworks */ = {
			isa = PBXFrameworksBuildPhase;
			buildActionMask = 2147483647;
			files = (
			);
			runOnlyForDeploymentPostprocessing = 0;
		};
		935EFEFF28FD2B8E001C6B72 /* Frameworks */ = {
			isa = PBXFrameworksBuildPhase;
			buildActionMask = 2147483647;
			files = (
			);
			runOnlyForDeploymentPostprocessing = 0;
		};
/* End PBXFrameworksBuildPhase section */

/* Begin PBXGroup section */
		935EFED428FD2B8D001C6B72 = {
			isa = PBXGroup;
			children = (
				935EFEDF28FD2B8D001C6B72 /* PopCat */,
				935EFEFB28FD2B8E001C6B72 /* PopCatTests */,
				935EFF0528FD2B8E001C6B72 /* PopCatUITests */,
				935EFEDE28FD2B8D001C6B72 /* Products */,
			);
			sourceTree = "<group>";
		};
		935EFEDE28FD2B8D001C6B72 /* Products */ = {
			isa = PBXGroup;
			children = (
				935EFEDD28FD2B8D001C6B72 /* PopCat.app */,
				935EFEF828FD2B8E001C6B72 /* PopCatTests.xctest */,
				935EFF0228FD2B8E001C6B72 /* PopCatUITests.xctest */,
			);
			name = Products;
			sourceTree = "<group>";
		};
		935EFEDF28FD2B8D001C6B72 /* PopCat */ = {
			isa = PBXGroup;
			children = (
				935EFEE028FD2B8D001C6B72 /* AppDelegate.h */,
				935EFEE128FD2B8D001C6B72 /* AppDelegate.m */,
				935EFEE328FD2B8D001C6B72 /* SceneDelegate.h */,
				935EFEE428FD2B8D001C6B72 /* SceneDelegate.m */,
				935EFEE628FD2B8D001C6B72 /* ViewController.h */,
				935EFEE728FD2B8D001C6B72 /* ViewController.m */,
				935EFEE928FD2B8D001C6B72 /* Main.storyboard */,
				935EFEEC28FD2B8E001C6B72 /* Assets.xcassets */,
				935EFEEE28FD2B8E001C6B72 /* LaunchScreen.storyboard */,
				935EFEF128FD2B8E001C6B72 /* Info.plist */,
				935EFEF228FD2B8E001C6B72 /* main.m */,
			);
			path = PopCat;
			sourceTree = "<group>";
		};
		935EFEFB28FD2B8E001C6B72 /* PopCatTests */ = {
			isa = PBXGroup;
			children = (
				935EFEFC28FD2B8E001C6B72 /* PopCatTests.m */,
			);
			path = PopCatTests;
			sourceTree = "<group>";
		};
		935EFF0528FD2B8E001C6B72 /* PopCatUITests */ = {
			isa = PBXGroup;
			children = (
				935EFF0628FD2B8E001C6B72 /* PopCatUITests.m */,
				935EFF0828FD2B8E001C6B72 /* PopCatUITestsLaunchTests.m */,
			);
			path = PopCatUITests;
			sourceTree = "<group>";
		};
/* End PBXGroup section */

/* Begin PBXNativeTarget section */
		935EFEDC28FD2B8D001C6B72 /* PopCat */ = {
			isa = PBXNativeTarget;
			buildConfigurationList = 935EFF0C28FD2B8E001C6B72 /* Build configuration list for PBXNativeTarget "PopCat" */;
			buildPhases = (
				935EFED928FD2B8D001C6B72 /* Sources */,
				935EFEDA28FD2B8D001C6B72 /* Frameworks */,
				935EFEDB28FD2B8D001C6B72 /* Resources */,
			);
			buildRules = (
			);
			dependencies = (
			);
			name = PopCat;
			productName = PopCat;
			productReference = 935EFEDD28FD2B8D001C6B72 /* PopCat.app */;
			productType = "com.apple.product-type.application";
		};
		935EFEF728FD2B8E001C6B72 /* PopCatTests */ = {
			isa = PBXNativeTarget;
			buildConfigurationList = 935EFF0F28FD2B8E001C6B72 /* Build configuration list for PBXNativeTarget "PopCatTests" */;
			buildPhases = (
				935EFEF428FD2B8E001C6B72 /* Sources */,
				935EFEF528FD2B8E001C6B72 /* Frameworks */,
				935EFEF628FD2B8E001C6B72 /* Resources */,
			);
			buildRules = (
			);
			dependencies = (
				935EFEFA28FD2B8E001C6B72 /* PBXTargetDependency */,
			);
			name = PopCatTests;
			productName = PopCatTests;
			productReference = 935EFEF828FD2B8E001C6B72 /* PopCatTests.xctest */;
			productType = "com.apple.product-type.bundle.unit-test";
		};
		935EFF0128FD2B8E001C6B72 /* PopCatUITests */ = {
			isa = PBXNativeTarget;
			buildConfigurationList = 935EFF1228FD2B8E001C6B72 /* Build configuration list for PBXNativeTarget "PopCatUITests" */;
			buildPhases = (
				935EFEFE28FD2B8E001C6B72 /* Sources */,
				935EFEFF28FD2B8E001C6B72 /* Frameworks */,
				935EFF0028FD2B8E001C6B72 /* Resources */,
			);
			buildRules = (
			);
			dependencies = (
				935EFF0428FD2B8E001C6B72 /* PBXTargetDependency */,
			);
			name = PopCatUITests;
			productName = PopCatUITests;
			productReference = 935EFF0228FD2B8E001C6B72 /* PopCatUITests.xctest */;
			productType = "com.apple.product-type.bundle.ui-testing";
		};
/* End PBXNativeTarget section */

/* Begin PBXProject section */
		935EFED528FD2B8D001C6B72 /* Project object */ = {
			isa = PBXProject;
			attributes = {
				BuildIndependentTargetsInParallel = 1;
				LastUpgradeCheck = 1400;
				TargetAttributes = {
					935EFEDC28FD2B8D001C6B72 = {
						CreatedOnToolsVersion = 14.0;
					};
					935EFEF728FD2B8E001C6B72 = {
						CreatedOnToolsVersion = 14.0;
						TestTargetID = 935EFEDC28FD2B8D001C6B72;
					};
					935EFF0128FD2B8E001C6B72 = {
						CreatedOnToolsVersion = 14.0;
						TestTargetID = 935EFEDC28FD2B8D001C6B72;
					};
				};
			};
			buildConfigurationList = 935EFED828FD2B8D001C6B72 /* Build configuration list for PBXProject "PopCat" */;
			compatibilityVersion = "Xcode 14.0";
			developmentRegion = en;
			hasScannedForEncodings = 0;
			knownRegions = (
				en,
				Base,
			);
			mainGroup = 935EFED428FD2B8D001C6B72;
			productRefGroup = 935EFEDE28FD2B8D001C6B72 /* Products */;
			projectDirPath = "";
			projectRoot = "";
			targets = (
				935EFEDC28FD2B8D001C6B72 /* PopCat */,
				935EFEF728FD2B8E001C6B72 /* PopCatTests */,
				935EFF0128FD2B8E001C6B72 /* PopCatUITests */,
			);
		};
/* End PBXProject section */

/* Begin PBXResourcesBuildPhase section */
		935EFEDB28FD2B8D001C6B72 /* Resources */ = {
			isa = PBXResourcesBuildPhase;
			buildActionMask = 2147483647;
			files = (
				935EFEF028FD2B8E001C6B72 /* LaunchScreen.storyboard in Resources */,
				935EFEED28FD2B8E001C6B72 /* Assets.xcassets in Resources */,
				935EFEEB28FD2B8D001C6B72 /* Main.storyboard in Resources */,
			);
			runOnlyForDeploymentPostprocessing = 0;
		};
		935EFEF628FD2B8E001C6B72 /* Resources */ = {
			isa = PBXResourcesBuildPhase;
			buildActionMask = 2147483647;
			files = (
			);
			runOnlyForDeploymentPostprocessing = 0;
		};
		935EFF0028FD2B8E001C6B72 /* Resources */ = {
			isa = PBXResourcesBuildPhase;
			buildActionMask = 2147483647;
			files = (
			);
			runOnlyForDeploymentPostprocessing = 0;
		};
/* End PBXResourcesBuildPhase section */

/* Begin PBXSourcesBuildPhase section */
		935EFED928FD2B8D001C6B72 /* Sources */ = {
			isa = PBXSourcesBuildPhase;
			buildActionMask = 2147483647;
			files = (
				935EFEE828FD2B8D001C6B72 /* ViewController.m in Sources */,
				935EFEE228FD2B8D001C6B72 /* AppDelegate.m in Sources */,
				935EFEF328FD2B8E001C6B72 /* main.m in Sources */,
				935EFEE528FD2B8D001C6B72 /* SceneDelegate.m in Sources */,
			);
			runOnlyForDeploymentPostprocessing = 0;
		};
		935EFEF428FD2B8E001C6B72 /* Sources */ = {
			isa = PBXSourcesBuildPhase;
			buildActionMask = 2147483647;
			files = (
				935EFEFD28FD2B8E001C6B72 /* PopCatTests.m in Sources */,
			);
			runOnlyForDeploymentPostprocessing = 0;
		};
		935EFEFE28FD2B8E001C6B72 /* Sources */ = {
			isa = PBXSourcesBuildPhase;
			buildActionMask = 2147483647;
			files = (
				935EFF0728FD2B8E001C6B72 /* PopCatUITests.m in Sources */,
				935EFF0928FD2B8E001C6B72 /* PopCatUITestsLaunchTests.m in Sources */,
			);
			runOnlyForDeploymentPostprocessing = 0;
		};
/* End PBXSourcesBuildPhase section */

/* Begin PBXTargetDependency section */
		935EFEFA28FD2B8E001C6B72 /* PBXTargetDependency */ = {
			isa = PBXTargetDependency;
			target = 935EFEDC28FD2B8D001C6B72 /* PopCat */;
			targetProxy = 935EFEF928FD2B8E001C6B72 /* PBXContainerItemProxy */;
		};
		935EFF0428FD2B8E001C6B72 /* PBXTargetDependency */ = {
			isa = PBXTargetDependency;
			target = 935EFEDC28FD2B8D001C6B72 /* PopCat */;
			targetProxy = 935EFF0328FD2B8E001C6B72 /* PBXContainerItemProxy */;
		};
/* End PBXTargetDependency section */

/* Begin PBXVariantGroup section */
		935EFEE928FD2B8D001C6B72 /* Main.storyboard */ = {
			isa = PBXVariantGroup;
			children = (
				935EFEEA28FD2B8D001C6B72 /* Base */,
			);
			name = Main.storyboard;
			sourceTree = "<group>";
		};
		935EFEEE28FD2B8E001C6B72 /* LaunchScreen.storyboard */ = {
			isa = PBXVariantGroup;
			children = (
				935EFEEF28FD2B8E001C6B72 /* Base */,
			);
			name = LaunchScreen.storyboard;
			sourceTree = "<group>";
		};
/* End PBXVariantGroup section */

/* Begin XCBuildConfiguration section */
		935EFF0A28FD2B8E001C6B72 /* Debug */ = {
			isa = XCBuildConfiguration;
			buildSettings = {
				ALWAYS_SEARCH_USER_PATHS = NO;
				CLANG_ANALYZER_NONNULL = YES;
				CLANG_ANALYZER_NUMBER_OBJECT_CONVERSION = YES_AGGRESSIVE;
				CLANG_CXX_LANGUAGE_STANDARD = "gnu++20";
				CLANG_ENABLE_MODULES = YES;
				CLANG_ENABLE_OBJC_ARC = YES;
				CLANG_ENABLE_OBJC_WEAK = YES;
				CLANG_WARN_BLOCK_CAPTURE_AUTORELEASING = YES;
				CLANG_WARN_BOOL_CONVERSION = YES;
				CLANG_WARN_COMMA = YES;
				CLANG_WARN_CONSTANT_CONVERSION = YES;
				CLANG_WARN_DEPRECATED_OBJC_IMPLEMENTATIONS = YES;
				CLANG_WARN_DIRECT_OBJC_ISA_USAGE = YES_ERROR;
				CLANG_WARN_DOCUMENTATION_COMMENTS = YES;
				CLANG_WARN_EMPTY_BODY = YES;
				CLANG_WARN_ENUM_CONVERSION = YES;
				CLANG_WARN_INFINITE_RECURSION = YES;
				CLANG_WARN_INT_CONVERSION = YES;
				CLANG_WARN_NON_LITERAL_NULL_CONVERSION = YES;
				CLANG_WARN_OBJC_IMPLICIT_RETAIN_SELF = YES;
				CLANG_WARN_OBJC_LITERAL_CONVERSION = YES;
				CLANG_WARN_OBJC_ROOT_CLASS = YES_ERROR;
				CLANG_WARN_QUOTED_INCLUDE_IN_FRAMEWORK_HEADER = YES;
				CLANG_WARN_RANGE_LOOP_ANALYSIS = YES;
				CLANG_WARN_STRICT_PROTOTYPES = YES;
				CLANG_WARN_SUSPICIOUS_MOVE = YES;
				CLANG_WARN_UNGUARDED_AVAILABILITY = YES_AGGRESSIVE;
				CLANG_WARN_UNREACHABLE_CODE = YES;
				CLANG_WARN__DUPLICATE_METHOD_MATCH = YES;
				COPY_PHASE_STRIP = NO;
				DEBUG_INFORMATION_FORMAT = dwarf;
				ENABLE_STRICT_OBJC_MSGSEND = YES;
				ENABLE_TESTABILITY = YES;
				GCC_C_LANGUAGE_STANDARD = gnu11;
				GCC_DYNAMIC_NO_PIC = NO;
				GCC_NO_COMMON_BLOCKS = YES;
				GCC_OPTIMIZATION_LEVEL = 0;
				GCC_PREPROCESSOR_DEFINITIONS = (
					"DEBUG=1",
					"$(inherited)",
				);
				GCC_WARN_64_TO_32_BIT_CONVERSION = YES;
				GCC_WARN_ABOUT_RETURN_TYPE = YES_ERROR;
				GCC_WARN_UNDECLARED_SELECTOR = YES;
				GCC_WARN_UNINITIALIZED_AUTOS = YES_AGGRESSIVE;
				GCC_WARN_UNUSED_FUNCTION = YES;
				GCC_WARN_UNUSED_VARIABLE = YES;
				IPHONEOS_DEPLOYMENT_TARGET = 11.0;
				MTL_ENABLE_DEBUG_INFO = INCLUDE_SOURCE;
				MTL_FAST_MATH = YES;
				ONLY_ACTIVE_ARCH = YES;
				SDKROOT = iphoneos;
			};
			name = Debug;
		};
		935EFF0B28FD2B8E001C6B72 /* Release */ = {
			isa = XCBuildConfiguration;
			buildSettings = {
				ALWAYS_SEARCH_USER_PATHS = NO;
				CLANG_ANALYZER_NONNULL = YES;
				CLANG_ANALYZER_NUMBER_OBJECT_CONVERSION = YES_AGGRESSIVE;
				CLANG_CXX_LANGUAGE_STANDARD = "gnu++20";
				CLANG_ENABLE_MODULES = YES;
				CLANG_ENABLE_OBJC_ARC = YES;
				CLANG_ENABLE_OBJC_WEAK = YES;
				CLANG_WARN_BLOCK_CAPTURE_AUTORELEASING = YES;
				CLANG_WARN_BOOL_CONVERSION = YES;
				CLANG_WARN_COMMA = YES;
				CLANG_WARN_CONSTANT_CONVERSION = YES;
				CLANG_WARN_DEPRECATED_OBJC_IMPLEMENTATIONS = YES;
				CLANG_WARN_DIRECT_OBJC_ISA_USAGE = YES_ERROR;
				CLANG_WARN_DOCUMENTATION_COMMENTS = YES;
				CLANG_WARN_EMPTY_BODY = YES;
				CLANG_WARN_ENUM_CONVERSION = YES;
				CLANG_WARN_INFINITE_RECURSION = YES;
				CLANG_WARN_INT_CONVERSION = YES;
				CLANG_WARN_NON_LITERAL_NULL_CONVERSION = YES;
				CLANG_WARN_OBJC_IMPLICIT_RETAIN_SELF = YES;
				CLANG_WARN_OBJC_LITERAL_CONVERSION = YES;
				CLANG_WARN_OBJC_ROOT_CLASS = YES_ERROR;
				CLANG_WARN_QUOTED_INCLUDE_IN_FRAMEWORK_HEADER = YES;
				CLANG_WARN_RANGE_LOOP_ANALYSIS = YES;
				CLANG_WARN_STRICT_PROTOTYPES = YES;
				CLANG_WARN_SUSPICIOUS_MOVE = YES;
				CLANG_WARN_UNGUARDED_AVAILABILITY = YES_AGGRESSIVE;
				CLANG_WARN_UNREACHABLE_CODE = YES;
				CLANG_WARN__DUPLICATE_METHOD_MATCH = YES;
				COPY_PHASE_STRIP = NO;
				DEBUG_INFORMATION_FORMAT = "dwarf-with-dsym";
				ENABLE_NS_ASSERTIONS = NO;
				ENABLE_STRICT_OBJC_MSGSEND = YES;
				GCC_C_LANGUAGE_STANDARD = gnu11;
				GCC_NO_COMMON_BLOCKS = YES;
				GCC_WARN_64_TO_32_BIT_CONVERSION = YES;
				GCC_WARN_ABOUT_RETURN_TYPE = YES_ERROR;
				GCC_WARN_UNDECLARED_SELECTOR = YES;
				GCC_WARN_UNINITIALIZED_AUTOS = YES_AGGRESSIVE;
				GCC_WARN_UNUSED_FUNCTION = YES;
				GCC_WARN_UNUSED_VARIABLE = YES;
				IPHONEOS_DEPLOYMENT_TARGET = 11.0;
				MTL_ENABLE_DEBUG_INFO = NO;
				MTL_FAST_MATH = YES;
				SDKROOT = iphoneos;
				VALIDATE_PRODUCT = YES;
			};
			name = Release;
		};
		935EFF0D28FD2B8E001C6B72 /* Debug */ = {
			isa = XCBuildConfiguration;
			buildSettings = {
				ASSETCATALOG_COMPILER_APPICON_NAME = AppIcon;
				ASSETCATALOG_COMPILER_GLOBAL_ACCENT_COLOR_NAME = AccentColor;
				CODE_SIGN_STYLE = Automatic;
				CURRENT_PROJECT_VERSION = 1;
				DEVELOPMENT_TEAM = 56V747V83R;
				GENERATE_INFOPLIST_FILE = YES;
				INFOPLIST_FILE = PopCat/Info.plist;
				INFOPLIST_KEY_UIApplicationSupportsIndirectInputEvents = YES;
				INFOPLIST_KEY_UILaunchStoryboardName = LaunchScreen;
				INFOPLIST_KEY_UIMainStoryboardFile = Main;
				INFOPLIST_KEY_UISupportedInterfaceOrientations_iPad = "UIInterfaceOrientationPortrait UIInterfaceOrientationPortraitUpsideDown UIInterfaceOrientationLandscapeLeft UIInterfaceOrientationLandscapeRight";
				INFOPLIST_KEY_UISupportedInterfaceOrientations_iPhone = "UIInterfaceOrientationPortrait UIInterfaceOrientationLandscapeLeft UIInterfaceOrientationLandscapeRight";
				IPHONEOS_DEPLOYMENT_TARGET = 11.0;
				LD_RUNPATH_SEARCH_PATHS = (
					"$(inherited)",
					"@executable_path/Frameworks",
				);
				MARKETING_VERSION = 1.0;
				PRODUCT_BUNDLE_IDENTIFIER = net.mercen.PopCat;
				PRODUCT_NAME = "$(TARGET_NAME)";
				SWIFT_EMIT_LOC_STRINGS = YES;
				TARGETED_DEVICE_FAMILY = "1,2";
			};
			name = Debug;
		};
		935EFF0E28FD2B8E001C6B72 /* Release */ = {
			isa = XCBuildConfiguration;
			buildSettings = {
				ASSETCATALOG_COMPILER_APPICON_NAME = AppIcon;
				ASSETCATALOG_COMPILER_GLOBAL_ACCENT_COLOR_NAME = AccentColor;
				CODE_SIGN_STYLE = Automatic;
				CURRENT_PROJECT_VERSION = 1;
				DEVELOPMENT_TEAM = 56V747V83R;
				GENERATE_INFOPLIST_FILE = YES;
				INFOPLIST_FILE = PopCat/Info.plist;
				INFOPLIST_KEY_UIApplicationSupportsIndirectInputEvents = YES;
				INFOPLIST_KEY_UILaunchStoryboardName = LaunchScreen;
				INFOPLIST_KEY_UIMainStoryboardFile = Main;
				INFOPLIST_KEY_UISupportedInterfaceOrientations_iPad = "UIInterfaceOrientationPortrait UIInterfaceOrientationPortraitUpsideDown UIInterfaceOrientationLandscapeLeft UIInterfaceOrientationLandscapeRight";
				INFOPLIST_KEY_UISupportedInterfaceOrientations_iPhone = "UIInterfaceOrientationPortrait UIInterfaceOrientationLandscapeLeft UIInterfaceOrientationLandscapeRight";
				IPHONEOS_DEPLOYMENT_TARGET = 11.0;
				LD_RUNPATH_SEARCH_PATHS = (
					"$(inherited)",
					"@executable_path/Frameworks",
				);
				MARKETING_VERSION = 1.0;
				PRODUCT_BUNDLE_IDENTIFIER = net.mercen.PopCat;
				PRODUCT_NAME = "$(TARGET_NAME)";
				SWIFT_EMIT_LOC_STRINGS = YES;
				TARGETED_DEVICE_FAMILY = "1,2";
			};
			name = Release;
		};
		935EFF1028FD2B8E001C6B72 /* Debug */ = {
			isa = XCBuildConfiguration;
			buildSettings = {
				BUNDLE_LOADER = "$(TEST_HOST)";
				CODE_SIGN_STYLE = Automatic;
				CURRENT_PROJECT_VERSION = 1;
				DEVELOPMENT_TEAM = 56V747V83R;
				GENERATE_INFOPLIST_FILE = YES;
				IPHONEOS_DEPLOYMENT_TARGET = 16.0;
				MARKETING_VERSION = 1.0;
				PRODUCT_BUNDLE_IDENTIFIER = net.mercen.PopCatTests;
				PRODUCT_NAME = "$(TARGET_NAME)";
				SWIFT_EMIT_LOC_STRINGS = NO;
				TARGETED_DEVICE_FAMILY = "1,2";
				TEST_HOST = "$(BUILT_PRODUCTS_DIR)/PopCat.app/$(BUNDLE_EXECUTABLE_FOLDER_PATH)/PopCat";
			};
			name = Debug;
		};
		935EFF1128FD2B8E001C6B72 /* Release */ = {
			isa = XCBuildConfiguration;
			buildSettings = {
				BUNDLE_LOADER = "$(TEST_HOST)";
				CODE_SIGN_STYLE = Automatic;
				CURRENT_PROJECT_VERSION = 1;
				DEVELOPMENT_TEAM = 56V747V83R;
				GENERATE_INFOPLIST_FILE = YES;
				IPHONEOS_DEPLOYMENT_TARGET = 16.0;
				MARKETING_VERSION = 1.0;
				PRODUCT_BUNDLE_IDENTIFIER = net.mercen.PopCatTests;
				PRODUCT_NAME = "$(TARGET_NAME)";
				SWIFT_EMIT_LOC_STRINGS = NO;
				TARGETED_DEVICE_FAMILY = "1,2";
				TEST_HOST = "$(BUILT_PRODUCTS_DIR)/PopCat.app/$(BUNDLE_EXECUTABLE_FOLDER_PATH)/PopCat";
			};
			name = Release;
		};
		935EFF1328FD2B8E001C6B72 /* Debug */ = {
			isa = XCBuildConfiguration;
			buildSettings = {
				CODE_SIGN_STYLE = Automatic;
				CURRENT_PROJECT_VERSION = 1;
				DEVELOPMENT_TEAM = 56V747V83R;
				GENERATE_INFOPLIST_FILE = YES;
				MARKETING_VERSION = 1.0;
				PRODUCT_BUNDLE_IDENTIFIER = net.mercen.PopCatUITests;
				PRODUCT_NAME = "$(TARGET_NAME)";
				SWIFT_EMIT_LOC_STRINGS = NO;
				TARGETED_DEVICE_FAMILY = "1,2";
				TEST_TARGET_NAME = PopCat;
			};
			name = Debug;
		};
		935EFF1428FD2B8E001C6B72 /* Release */ = {
			isa = XCBuildConfiguration;
			buildSettings = {
				CODE_SIGN_STYLE = Automatic;
				CURRENT_PROJECT_VERSION = 1;
				DEVELOPMENT_TEAM = 56V747V83R;
				GENERATE_INFOPLIST_FILE = YES;
				MARKETING_VERSION = 1.0;
				PRODUCT_BUNDLE_IDENTIFIER = net.mercen.PopCatUITests;
				PRODUCT_NAME = "$(TARGET_NAME)";
				SWIFT_EMIT_LOC_STRINGS = NO;
				TARGETED_DEVICE_FAMILY = "1,2";
				TEST_TARGET_NAME = PopCat;
			};
			name = Release;
		};
/* End XCBuildConfiguration section */

/* Begin XCConfigurationList section */
		935EFED828FD2B8D001C6B72 /* Build configuration list for PBXProject "PopCat" */ = {
			isa = XCConfigurationList;
			buildConfigurations = (
				935EFF0A28FD2B8E001C6B72 /* Debug */,
				935EFF0B28FD2B8E001C6B72 /* Release */,
			);
			defaultConfigurationIsVisible = 0;
			defaultConfigurationName = Release;
		};
		935EFF0C28FD2B8E001C6B72 /* Build configuration list for PBXNativeTarget "PopCat" */ = {
			isa = XCConfigurationList;
			buildConfigurations = (
				935EFF0D28FD2B8E001C6B72 /* Debug */,
				935EFF0E28FD2B8E001C6B72 /* Release */,
			);
			defaultConfigurationIsVisible = 0;
			defaultConfigurationName = Release;
		};
		935EFF0F28FD2B8E001C6B72 /* Build configuration list for PBXNativeTarget "PopCatTests" */ = {
			isa = XCConfigurationList;
			buildConfigurations = (
				935EFF1028FD2B8E001C6B72 /* Debug */,
				935EFF1128FD2B8E001C6B72 /* Release */,
			);
			defaultConfigurationIsVisible = 0;
			defaultConfigurationName = Release;
		};
		935EFF1228FD2B8E001C6B72 /* Build configuration list for PBXNativeTarget "PopCatUITests" */ = {
			isa = XCConfigurationList;
			buildConfigurations = (
				935EFF1328FD2B8E001C6B72 /* Debug */,
				935EFF1428FD2B8E001C6B72 /* Release */,
			);
			defaultConfigurationIsVisible = 0;
			defaultConfigurationName = Release;
		};
/* End XCConfigurationList section */
	};
	rootObject = 935EFED528FD2B8D001C6B72 /* Project object */;
}
